
Microsoft Visual Studio Solution File, Format Version 12.00
# Visual Studio Version 16
VisualStudioVersion = 16.0.31205.134
MinimumVisualStudioVersion = 10.0.40219.1
Project("{FAE04EC0-301F-11D3-BF4B-00C04F79EFBC}") = "WindowsService1", "WindowsService1.csproj", "{D2FB6DD4-3C64-4C39-B9B3-2ADDA8284BAA}"
EndProject
Global
	GlobalSection(SolutionConfigurationPlatforms) = preSolution
		Debug|Any CPU = Debug|Any CPU
		Release|Any CPU = Release|Any CPU
	EndGlobalSection
	GlobalSection(ProjectConfigurationPlatforms) = postSolution
		{D2FB6DD4-3C64-4C39-B9B3-2ADDA8284BAA}.Debug|Any CPU.ActiveCfg = Debug|Any CPU
		{D2FB6DD4-3C64-4C39-B9B3-2ADDA8284BAA}.Debug|Any CPU.Build.0 = Debug|Any CPU
		{D2FB6DD4-3C64-4C39-B9B3-2ADDA8284BAA}.Release|Any CPU.ActiveCfg = Release|Any CPU
		{D2FB6DD4-3C64-4C39-B9B3-2ADDA8284BAA}.Release|Any CPU.Build.0 = Release|Any CPU
	EndGlobalSection
	GlobalSection(SolutionProperties) = preSolution
		HideSolutionNode = FALSE
	EndGlobalSection
	GlobalSection(ExtensibilityGlobals) = postSolution
		SolutionGuid = {CDA78E24-AC95-42D1-BE3A-40CF746B39D7}
	EndGlobalSection
EndGlobal
